
Microsoft Visual Studio Solution File, Format Version 12.00
# Visual Studio Version 17
VisualStudioVersion = 17.0.31903.59
MinimumVisualStudioVersion = 10.0.40219.1
Project("{2150E333-8FDC-42A3-9474-1A3956D46DE8}") = "src", "src", "{827E0CD3-B72D-47B6-A68D-7590B98EB39B}"
EndProject
Project("{FAE04EC0-301F-11D3-BF4B-00C04F79EFBC}") = "NaijaShield.Domain", "src\NaijaShield.Domain\NaijaShield.Domain.csproj", "{0BB6CF40-C8F3-4A00-A918-3E63EEA106A7}"
EndProject
Project("{FAE04EC0-301F-11D3-BF4B-00C04F79EFBC}") = "NaijaShield.Application", "src\NaijaShield.Application\NaijaShield.Application.csproj", "{DB36879F-EB42-46A8-993B-93DCF8EEF531}"
EndProject
Project("{FAE04EC0-301F-11D3-BF4B-00C04F79EFBC}") = "NaijaShield.Infrastructure", "src\NaijaShield.Infrastructure\NaijaShield.Infrastructure.csproj", "{7A965E0B-5E2A-40CA-AD13-B06AE7D4C583}"
EndProject
Project("{FAE04EC0-301F-11D3-BF4B-00C04F79EFBC}") = "NaijaShield.Api", "src\NaijaShield.Api\NaijaShield.Api.csproj", "{6E18F19F-4489-441A-9CE4-8AFDD1F71F8E}"
EndProject
Project("{FAE04EC0-301F-11D3-BF4B-00C04F79EFBC}") = "NaijaShield.BackgroundJobs", "src\NaijaShield.BackgroundJobs\NaijaShield.BackgroundJobs.csproj", "{E6318E9E-453E-4871-9EDB-257631E47974}"
EndProject
Project("{2150E333-8FDC-42A3-9474-1A3956D46DE8}") = "tests", "tests", "{0AB3BF05-4346-4AA6-1389-037BE0695223}"
EndProject
Project("{FAE04EC0-301F-11D3-BF4B-00C04F79EFBC}") = "NaijaShield.UnitTests", "tests\NaijaShield.UnitTests\NaijaShield.UnitTests.csproj", "{79B52E7C-EF5B-46E4-AB31-32066896FE96}"
EndProject
Project("{FAE04EC0-301F-11D3-BF4B-00C04F79EFBC}") = "NaijaShield.IntegrationTests", "tests\NaijaShield.IntegrationTests\NaijaShield.IntegrationTests.csproj", "{E6CA14E5-9EAC-47E4-8788-0FF91CDB1902}"
EndProject
Project("{FAE04EC0-301F-11D3-BF4B-00C04F79EFBC}") = "NaijaShield.ArchitectureTests", "tests\NaijaShield.ArchitectureTests\NaijaShield.ArchitectureTests.csproj", "{E0C2CD82-6206-465E-9592-5965D32A5079}"
EndProject
Global
	GlobalSection(SolutionConfigurationPlatforms) = preSolution
		Debug|Any CPU = Debug|Any CPU
		Debug|x64 = Debug|x64
		Debug|x86 = Debug|x86
		Release|Any CPU = Release|Any CPU
		Release|x64 = Release|x64
		Release|x86 = Release|x86
	EndGlobalSection
	GlobalSection(ProjectConfigurationPlatforms) = postSolution
		{0BB6CF40-C8F3-4A00-A918-3E63EEA106A7}.Debug|Any CPU.ActiveCfg = Debug|Any CPU
		{0BB6CF40-C8F3-4A00-A918-3E63EEA106A7}.Debug|Any CPU.Build.0 = Debug|Any CPU
		{0BB6CF40-C8F3-4A00-A918-3E63EEA106A7}.Debug|x64.ActiveCfg = Debug|Any CPU
		{0BB6CF40-C8F3-4A00-A918-3E63EEA106A7}.Debug|x64.Build.0 = Debug|Any CPU
		{0BB6CF40-C8F3-4A00-A918-3E63EEA106A7}.Debug|x86.ActiveCfg = Debug|Any CPU
		{0BB6CF40-C8F3-4A00-A918-3E63EEA106A7}.Debug|x86.Build.0 = Debug|Any CPU
		{0BB6CF40-C8F3-4A00-A918-3E63EEA106A7}.Release|Any CPU.ActiveCfg = Release|Any CPU
		{0BB6CF40-C8F3-4A00-A918-3E63EEA106A7}.Release|Any CPU.Build.0 = Release|Any CPU
		{0BB6CF40-C8F3-4A00-A918-3E63EEA106A7}.Release|x64.ActiveCfg = Release|Any CPU
		{0BB6CF40-C8F3-4A00-A918-3E63EEA106A7}.Release|x64.Build.0 = Release|Any CPU
		{0BB6CF40-C8F3-4A00-A918-3E63EEA106A7}.Release|x86.ActiveCfg = Release|Any CPU
		{0BB6CF40-C8F3-4A00-A918-3E63EEA106A7}.Release|x86.Build.0 = Release|Any CPU
		{DB36879F-EB42-46A8-993B-93DCF8EEF531}.Debug|Any CPU.ActiveCfg = Debug|Any CPU
		{DB36879F-EB42-46A8-993B-93DCF8EEF531}.Debug|Any CPU.Build.0 = Debug|Any CPU
		{DB36879F-EB42-46A8-993B-93DCF8EEF531}.Debug|x64.ActiveCfg = Debug|Any CPU
		{DB36879F-EB42-46A8-993B-93DCF8EEF531}.Debug|x64.Build.0 = Debug|Any CPU
		{DB36879F-EB42-46A8-993B-93DCF8EEF531}.Debug|x86.ActiveCfg = Debug|Any CPU
		{DB36879F-EB42-46A8-993B-93DCF8EEF531}.Debug|x86.Build.0 = Debug|Any CPU
		{DB36879F-EB42-46A8-993B-93DCF8EEF531}.Release|Any CPU.ActiveCfg = Release|Any CPU
		{DB36879F-EB42-46A8-993B-93DCF8EEF531}.Release|Any CPU.Build.0 = Release|Any CPU
		{DB36879F-EB42-46A8-993B-93DCF8EEF531}.Release|x64.ActiveCfg = Release|Any CPU
		{DB36879F-EB42-46A8-993B-93DCF8EEF531}.Release|x64.Build.0 = Release|Any CPU
		{DB36879F-EB42-46A8-993B-93DCF8EEF531}.Release|x86.ActiveCfg = Release|Any CPU
		{DB36879F-EB42-46A8-993B-93DCF8EEF531}.Release|x86.Build.0 = Release|Any CPU
		{7A965E0B-5E2A-40CA-AD13-B06AE7D4C583}.Debug|Any CPU.ActiveCfg = Debug|Any CPU
		{7A965E0B-5E2A-40CA-AD13-B06AE7D4C583}.Debug|Any CPU.Build.0 = Debug|Any CPU
		{7A965E0B-5E2A-40CA-AD13-B06AE7D4C583}.Debug|x64.ActiveCfg = Debug|Any CPU
		{7A965E0B-5E2A-40CA-AD13-B06AE7D4C583}.Debug|x64.Build.0 = Debug|Any CPU
		{7A965E0B-5E2A-40CA-AD13-B06AE7D4C583}.Debug|x86.ActiveCfg = Debug|Any CPU
		{7A965E0B-5E2A-40CA-AD13-B06AE7D4C583}.Debug|x86.Build.0 = Debug|Any CPU
		{7A965E0B-5E2A-40CA-AD13-B06AE7D4C583}.Release|Any CPU.ActiveCfg = Release|Any CPU
		{7A965E0B-5E2A-40CA-AD13-B06AE7D4C583}.Release|Any CPU.Build.0 = Release|Any CPU
		{7A965E0B-5E2A-40CA-AD13-B06AE7D4C583}.Release|x64.ActiveCfg = Release|Any CPU
		{7A965E0B-5E2A-40CA-AD13-B06AE7D4C583}.Release|x64.Build.0 = Release|Any CPU
		{7A965E0B-5E2A-40CA-AD13-B06AE7D4C583}.Release|x86.ActiveCfg = Release|Any CPU
		{7A965E0B-5E2A-40CA-AD13-B06AE7D4C583}.Release|x86.Build.0 = Release|Any CPU
		{6E18F19F-4489-441A-9CE4-8AFDD1F71F8E}.Debug|Any CPU.ActiveCfg = Debug|Any CPU
		{6E18F19F-4489-441A-9CE4-8AFDD1F71F8E}.Debug|Any CPU.Build.0 = Debug|Any CPU
		{6E18F19F-4489-441A-9CE4-8AFDD1F71F8E}.Debug|x64.ActiveCfg = Debug|Any CPU
		{6E18F19F-4489-441A-9CE4-8AFDD1F71F8E}.Debug|x64.Build.0 = Debug|Any CPU
		{6E18F19F-4489-441A-9CE4-8AFDD1F71F8E}.Debug|x86.ActiveCfg = Debug|Any CPU
		{6E18F19F-4489-441A-9CE4-8AFDD1F71F8E}.Debug|x86.Build.0 = Debug|Any CPU
		{6E18F19F-4489-441A-9CE4-8AFDD1F71F8E}.Release|Any CPU.ActiveCfg = Release|Any CPU
		{6E18F19F-4489-441A-9CE4-8AFDD1F71F8E}.Release|Any CPU.Build.0 = Release|Any CPU
		{6E18F19F-4489-441A-9CE4-8AFDD1F71F8E}.Release|x64.ActiveCfg = Release|Any CPU
		{6E18F19F-4489-441A-9CE4-8AFDD1F71F8E}.Release|x64.Build.0 = Release|Any CPU
		{6E18F19F-4489-441A-9CE4-8AFDD1F71F8E}.Release|x86.ActiveCfg = Release|Any CPU
		{6E18F19F-4489-441A-9CE4-8AFDD1F71F8E}.Release|x86.Build.0 = Release|Any CPU
		{E6318E9E-453E-4871-9EDB-257631E47974}.Debug|Any CPU.ActiveCfg = Debug|Any CPU
		{E6318E9E-453E-4871-9EDB-257631E47974}.Debug|Any CPU.Build.0 = Debug|Any CPU
		{E6318E9E-453E-4871-9EDB-257631E47974}.Debug|x64.ActiveCfg = Debug|Any CPU
		{E6318E9E-453E-4871-9EDB-257631E47974}.Debug|x64.Build.0 = Debug|Any CPU
		{E6318E9E-453E-4871-9EDB-257631E47974}.Debug|x86.ActiveCfg = Debug|Any CPU
		{E6318E9E-453E-4871-9EDB-257631E47974}.Debug|x86.Build.0 = Debug|Any CPU
		{E6318E9E-453E-4871-9EDB-257631E47974}.Release|Any CPU.ActiveCfg = Release|Any CPU
		{E6318E9E-453E-4871-9EDB-257631E47974}.Release|Any CPU.Build.0 = Release|Any CPU
		{E6318E9E-453E-4871-9EDB-257631E47974}.Release|x64.ActiveCfg = Release|Any CPU
		{E6318E9E-453E-4871-9EDB-257631E47974}.Release|x64.Build.0 = Release|Any CPU
		{E6318E9E-453E-4871-9EDB-257631E47974}.Release|x86.ActiveCfg = Release|Any CPU
		{E6318E9E-453E-4871-9EDB-257631E47974}.Release|x86.Build.0 = Release|Any CPU
		{79B52E7C-EF5B-46E4-AB31-32066896FE96}.Debug|Any CPU.ActiveCfg = Debug|Any CPU
		{79B52E7C-EF5B-46E4-AB31-32066896FE96}.Debug|Any CPU.Build.0 = Debug|Any CPU
		{79B52E7C-EF5B-46E4-AB31-32066896FE96}.Debug|x64.ActiveCfg = Debug|Any CPU
		{79B52E7C-EF5B-46E4-AB31-32066896FE96}.Debug|x64.Build.0 = Debug|Any CPU
		{79B52E7C-EF5B-46E4-AB31-32066896FE96}.Debug|x86.ActiveCfg = Debug|Any CPU
		{79B52E7C-EF5B-46E4-AB31-32066896FE96}.Debug|x86.Build.0 = Debug|Any CPU
		{79B52E7C-EF5B-46E4-AB31-32066896FE96}.Release|Any CPU.ActiveCfg = Release|Any CPU
		{79B52E7C-EF5B-46E4-AB31-32066896FE96}.Release|Any CPU.Build.0 = Release|Any CPU
		{79B52E7C-EF5B-46E4-AB31-32066896FE96}.Release|x64.ActiveCfg = Release|Any CPU
		{79B52E7C-EF5B-46E4-AB31-32066896FE96}.Release|x64.Build.0 = Release|Any CPU
		{79B52E7C-EF5B-46E4-AB31-32066896FE96}.Release|x86.ActiveCfg = Release|Any CPU
		{79B52E7C-EF5B-46E4-AB31-32066896FE96}.Release|x86.Build.0 = Release|Any CPU
		{E6CA14E5-9EAC-47E4-8788-0FF91CDB1902}.Debug|Any CPU.ActiveCfg = Debug|Any CPU
		{E6CA14E5-9EAC-47E4-8788-0FF91CDB1902}.Debug|Any CPU.Build.0 = Debug|Any CPU
		{E6CA14E5-9EAC-47E4-8788-0FF91CDB1902}.Debug|x64.ActiveCfg = Debug|Any CPU
		{E6CA14E5-9EAC-47E4-8788-0FF91CDB1902}.Debug|x64.Build.0 = Debug|Any CPU
		{E6CA14E5-9EAC-47E4-8788-0FF91CDB1902}.Debug|x86.ActiveCfg = Debug|Any CPU
		{E6CA14E5-9EAC-47E4-8788-0FF91CDB1902}.Debug|x86.Build.0 = Debug|Any CPU
		{E6CA14E5-9EAC-47E4-8788-0FF91CDB1902}.Release|Any CPU.ActiveCfg = Release|Any CPU
		{E6CA14E5-9EAC-47E4-8788-0FF91CDB1902}.Release|Any CPU.Build.0 = Release|Any CPU
		{E6CA14E5-9EAC-47E4-8788-0FF91CDB1902}.Release|x64.ActiveCfg = Release|Any CPU
		{E6CA14E5-9EAC-47E4-8788-0FF91CDB1902}.Release|x64.Build.0 = Release|Any CPU
		{E6CA14E5-9EAC-47E4-8788-0FF91CDB1902}.Release|x86.ActiveCfg = Release|Any CPU
		{E6CA14E5-9EAC-47E4-8788-0FF91CDB1902}.Release|x86.Build.0 = Release|Any CPU
		{E0C2CD82-6206-465E-9592-5965D32A5079}.Debug|Any CPU.ActiveCfg = Debug|Any CPU
		{E0C2CD82-6206-465E-9592-5965D32A5079}.Debug|Any CPU.Build.0 = Debug|Any CPU
		{E0C2CD82-6206-465E-9592-5965D32A5079}.Debug|x64.ActiveCfg = Debug|Any CPU
		{E0C2CD82-6206-465E-9592-5965D32A5079}.Debug|x64.Build.0 = Debug|Any CPU
		{E0C2CD82-6206-465E-9592-5965D32A5079}.Debug|x86.ActiveCfg = Debug|Any CPU
		{E0C2CD82-6206-465E-9592-5965D32A5079}.Debug|x86.Build.0 = Debug|Any CPU
		{E0C2CD82-6206-465E-9592-5965D32A5079}.Release|Any CPU.ActiveCfg = Release|Any CPU
		{E0C2CD82-6206-465E-9592-5965D32A5079}.Release|Any CPU.Build.0 = Release|Any CPU
		{E0C2CD82-6206-465E-9592-5965D32A5079}.Release|x64.ActiveCfg = Release|Any CPU
		{E0C2CD82-6206-465E-9592-5965D32A5079}.Release|x64.Build.0 = Release|Any CPU
		{E0C2CD82-6206-465E-9592-5965D32A5079}.Release|x86.ActiveCfg = Release|Any CPU
		{E0C2CD82-6206-465E-9592-5965D32A5079}.Release|x86.Build.0 = Release|Any CPU
	EndGlobalSection
	GlobalSection(SolutionProperties) = preSolution
		HideSolutionNode = FALSE
	EndGlobalSection
	GlobalSection(NestedProjects) = preSolution
		{0BB6CF40-C8F3-4A00-A918-3E63EEA106A7} = {827E0CD3-B72D-47B6-A68D-7590B98EB39B}
		{DB36879F-EB42-46A8-993B-93DCF8EEF531} = {827E0CD3-B72D-47B6-A68D-7590B98EB39B}
		{7A965E0B-5E2A-40CA-AD13-B06AE7D4C583} = {827E0CD3-B72D-47B6-A68D-7590B98EB39B}
		{6E18F19F-4489-441A-9CE4-8AFDD1F71F8E} = {827E0CD3-B72D-47B6-A68D-7590B98EB39B}
		{E6318E9E-453E-4871-9EDB-257631E47974} = {827E0CD3-B72D-47B6-A68D-7590B98EB39B}
		{79B52E7C-EF5B-46E4-AB31-32066896FE96} = {0AB3BF05-4346-4AA6-1389-037BE0695223}
		{E6CA14E5-9EAC-47E4-8788-0FF91CDB1902} = {0AB3BF05-4346-4AA6-1389-037BE0695223}
		{E0C2CD82-6206-465E-9592-5965D32A5079} = {0AB3BF05-4346-4AA6-1389-037BE0695223}
	EndGlobalSection
EndGlobal
